
Microsoft Visual Studio Solution File, Format Version 12.00
# Visual Studio Version 16
VisualStudioVersion = 16.0.29613.14
MinimumVisualStudioVersion = 10.0.40219.1
Project("{F184B08F-C81C-45F6-A57F-5ABD9991F28F}") = "NAT Candidate Entry", "WindowsApplication1\NAT Candidate Entry.vbproj", "{0F106EEE-73AB-48BA-B76F-6C4E3A65C420}"
EndProject
Global
	GlobalSection(SolutionConfigurationPlatforms) = preSolution
		Debug|Any CPU = Debug|Any CPU
		Debug|x86 = Debug|x86
		Gabece x86|Any CPU = Gabece x86|Any CPU
		Gabece x86|x86 = Gabece x86|x86
		Release|Any CPU = Release|Any CPU
		Release|x86 = Release|x86
	EndGlobalSection
	GlobalSection(ProjectConfigurationPlatforms) = postSolution
		{0F106EEE-73AB-48BA-B76F-6C4E3A65C420}.Debug|Any CPU.ActiveCfg = Debug|x86
		{0F106EEE-73AB-48BA-B76F-6C4E3A65C420}.Debug|Any CPU.Build.0 = Debug|x86
		{0F106EEE-73AB-48BA-B76F-6C4E3A65C420}.Debug|x86.ActiveCfg = Debug|x86
		{0F106EEE-73AB-48BA-B76F-6C4E3A65C420}.Debug|x86.Build.0 = Debug|x86
		{0F106EEE-73AB-48BA-B76F-6C4E3A65C420}.Gabece x86|Any CPU.ActiveCfg = Gabece Release x86|Any CPU
		{0F106EEE-73AB-48BA-B76F-6C4E3A65C420}.Gabece x86|Any CPU.Build.0 = Gabece Release x86|Any CPU
		{0F106EEE-73AB-48BA-B76F-6C4E3A65C420}.Gabece x86|x86.ActiveCfg = Debug|x86
		{0F106EEE-73AB-48BA-B76F-6C4E3A65C420}.Gabece x86|x86.Build.0 = Debug|x86
		{0F106EEE-73AB-48BA-B76F-6C4E3A65C420}.Release|Any CPU.ActiveCfg = Release|Any CPU
		{0F106EEE-73AB-48BA-B76F-6C4E3A65C420}.Release|Any CPU.Build.0 = Release|Any CPU
		{0F106EEE-73AB-48BA-B76F-6C4E3A65C420}.Release|x86.ActiveCfg = Release|x86
		{0F106EEE-73AB-48BA-B76F-6C4E3A65C420}.Release|x86.Build.0 = Release|x86
	EndGlobalSection
	GlobalSection(SolutionProperties) = preSolution
		HideSolutionNode = FALSE
	EndGlobalSection
	GlobalSection(ExtensibilityGlobals) = postSolution
		SolutionGuid = {97F15A83-56E5-4EAD-81F3-E1C4C5BC3B3A}
	EndGlobalSection
EndGlobal
